
Microsoft Visual Studio Solution File, Format Version 12.00
# Visual Studio Version 17
VisualStudioVersion = 17.0.32126.317
MinimumVisualStudioVersion = 10.0.40219.1
Project("{FAE04EC0-301F-11D3-BF4B-00C04F79EFBC}") = "createDirectory", "createDirectory.csproj", "{942F8C56-AA1F-479B-A87F-97353F30E334}"
EndProject
Global
	GlobalSection(SolutionConfigurationPlatforms) = preSolution
		Debug|Any CPU = Debug|Any CPU
		Release|Any CPU = Release|Any CPU
	EndGlobalSection
	GlobalSection(ProjectConfigurationPlatforms) = postSolution
		{942F8C56-AA1F-479B-A87F-97353F30E334}.Debug|Any CPU.ActiveCfg = Debug|Any CPU
		{942F8C56-AA1F-479B-A87F-97353F30E334}.Debug|Any CPU.Build.0 = Debug|Any CPU
		{942F8C56-AA1F-479B-A87F-97353F30E334}.Release|Any CPU.ActiveCfg = Release|Any CPU
		{942F8C56-AA1F-479B-A87F-97353F30E334}.Release|Any CPU.Build.0 = Release|Any CPU
	EndGlobalSection
	GlobalSection(SolutionProperties) = preSolution
		HideSolutionNode = FALSE
	EndGlobalSection
	GlobalSection(ExtensibilityGlobals) = postSolution
		SolutionGuid = {3EDFCFC1-F989-419F-B118-936DCE838C13}
	EndGlobalSection
EndGlobal
